
Microsoft Visual Studio Solution File, Format Version 12.00
# Visual Studio Version 16
VisualStudioVersion = 16.0.30804.86
MinimumVisualStudioVersion = 10.0.40219.1
Project("{9A19103F-16F7-4668-BE54-9A1E7A4F7556}") = "GaffeTool", "GaffeTool\GaffeTool.csproj", "{B31AA2C6-F79D-4BDA-A9F3-C82CBC2DD093}"
EndProject
Global
	GlobalSection(SolutionConfigurationPlatforms) = preSolution
		Debug|Any CPU = Debug|Any CPU
		Release|Any CPU = Release|Any CPU
	EndGlobalSection
	GlobalSection(ProjectConfigurationPlatforms) = postSolution
		{B31AA2C6-F79D-4BDA-A9F3-C82CBC2DD093}.Debug|Any CPU.ActiveCfg = Debug|Any CPU
		{B31AA2C6-F79D-4BDA-A9F3-C82CBC2DD093}.Debug|Any CPU.Build.0 = Debug|Any CPU
		{B31AA2C6-F79D-4BDA-A9F3-C82CBC2DD093}.Release|Any CPU.ActiveCfg = Release|Any CPU
		{B31AA2C6-F79D-4BDA-A9F3-C82CBC2DD093}.Release|Any CPU.Build.0 = Release|Any CPU
	EndGlobalSection
	GlobalSection(SolutionProperties) = preSolution
		HideSolutionNode = FALSE
	EndGlobalSection
	GlobalSection(ExtensibilityGlobals) = postSolution
		SolutionGuid = {BAC8C701-5D5F-46FC-9CEF-BA680BFD5AC4}
	EndGlobalSection
EndGlobal
